{"cliVersion":"0.20.0","productModuleName":"imdb_exercise","sourceFilePaths":[{"path":"\/Users\/ozanyaldir\/Documents\/GitHub\/imdb-exercise\/imdb-exercise\/ContentView.swift","hash":"153829b6826be01f6ea4711dc81e2931a18b2efd"},{"path":"\/Users\/ozanyaldir\/Documents\/GitHub\/imdb-exercise\/imdb-exercise\/ContentViewAdapter.swift","hash":"57b31e704d9cd9d05a883c636a20c60ab9065ae3"},{"path":"\/Users\/ozanyaldir\/Documents\/GitHub\/imdb-exercise\/imdb-exercise\/Coordinator.swift","hash":"80e13365ed0fb15993e4491ec2f98d118a4515d6"},{"path":"\/Users\/ozanyaldir\/Documents\/GitHub\/imdb-exercise\/imdb-exercise\/MovieDetailAdapter.swift","hash":"3fa71d5072ba161be4725ab786e59276548d34e5"},{"path":"\/Users\/ozanyaldir\/Documents\/GitHub\/imdb-exercise\/imdb-exercise\/MovieDetailView.swift","hash":"121b715b92f89d61708d04d6c9feb6e7c7c9330b"},{"path":"\/Users\/ozanyaldir\/Documents\/GitHub\/imdb-exercise\/imdb-exercise\/Persistence.swift","hash":"46f92212d8a78acf91b4724df133cbff8c6e1be9"},{"path":"\/Users\/ozanyaldir\/Documents\/GitHub\/imdb-exercise\/imdb-exercise\/appconstants\/enum.swift","hash":"3436936650ae16b1d04ebb940d4bf4aa3cd66f6b"},{"path":"\/Users\/ozanyaldir\/Documents\/GitHub\/imdb-exercise\/imdb-exercise\/appconstants\/response.swift","hash":"46fea0ac1c4e23937acc806f08ca3706004eb284"},{"path":"\/Users\/ozanyaldir\/Documents\/GitHub\/imdb-exercise\/imdb-exercise\/config\/config_manager.swift","hash":"65983e03160a27d8618ce7b82857d0cfd68dd454"},{"path":"\/Users\/ozanyaldir\/Documents\/GitHub\/imdb-exercise\/imdb-exercise\/entity\/entity.swift","hash":"f28242ef7eba6d45645e28592e2f48ea64563728"},{"path":"\/Users\/ozanyaldir\/Documents\/GitHub\/imdb-exercise\/imdb-exercise\/imdb_exerciseApp.swift","hash":"e7b89760f2961f9ecd047ad847923904e02c3e3d"},{"path":"\/Users\/ozanyaldir\/Documents\/GitHub\/imdb-exercise\/imdb-exercise\/model\/model.swift","hash":"9e842ba34addf50369332ab29047f7d61c4a6d07"},{"path":"\/Users\/ozanyaldir\/Documents\/GitHub\/imdb-exercise\/imdb-exercise\/pkg\/imdb\/imdb.swift","hash":"ac3cadef2b47e39f39face5738bc9eb11ed955c7"},{"path":"\/Users\/ozanyaldir\/Documents\/GitHub\/imdb-exercise\/imdb-exercise\/pkg\/imdb\/imdb_model.swift","hash":"c94a21aeaac4d9efaabebeef1c67eca93955dea9"},{"path":"\/Users\/ozanyaldir\/Documents\/GitHub\/imdb-exercise\/imdb-exercise\/pkg\/imdb\/imdb_protocol.swift","hash":"43d2b108f2e8e024939aaf4d36c1e89ed3ce6e6c"},{"path":"\/Users\/ozanyaldir\/Documents\/GitHub\/imdb-exercise\/imdb-exercise\/pkg\/imdb\/mocks\/imdb_mock.swift","hash":"a3444a92cebb2596f77a9705a71f1db92bcec48d"},{"path":"\/Users\/ozanyaldir\/Documents\/GitHub\/imdb-exercise\/imdb-exercise\/repository\/MovieRepository.swift","hash":"37f33d77d57096ace582f745ce44d75d2c5b94e2"},{"path":"\/Users\/ozanyaldir\/Documents\/GitHub\/imdb-exercise\/imdb-exercise\/repository\/MovieRepository_protocol.swift","hash":"f6d7a9ecfe27c2da320332f940d37b0e0dcbc2e9"},{"path":"\/Users\/ozanyaldir\/Documents\/GitHub\/imdb-exercise\/imdb-exercise\/repository\/mocks\/movie_repository_mock.swift","hash":"051bd2ae751d908c8f1e6238db39836d4f76377f"},{"path":"\/Users\/ozanyaldir\/Documents\/GitHub\/imdb-exercise\/imdb-exercise\/viewmodel\/MovieDetailViewModel.swift","hash":"9206e009157b95685d3db69b0c7d9aa92905bb16"},{"path":"\/Users\/ozanyaldir\/Documents\/GitHub\/imdb-exercise\/imdb-exercise\/viewmodel\/viewmodel.swift","hash":"53cfc30e6f6d3e75e65bdb5bc3998c5f739ebdea"}],"configHash":"908050fc9edb67ecc8c8142cf9ed4fe2db2f608c","dependencyPathsHash":"da39a3ee5e6b4b0d3255bfef95601890afd80709","targetPathsHash":"1dcbee400050bd9f6773efbbf49a450e41c29ae3","mockedTypesHash":"b0a1fedea2713fa242d2fed0dc688e61ac6fb9d9","outputHash":"1117a235816d790386a24cde9e1b480ee8472802","dependencies":[],"sourceRoot":"\/Users\/ozanyaldir\/Documents\/GitHub\/imdb-exercise","supportingFilePaths":[],"name":"imdb-exercise","projectHash":"e418dd5b1b3f21fda8857ce815308a7fd3302d21"}