// !$*UTF8*$!
{
	archiveVersion = 1;
	classes = {
	};
	objectVersion = 56;
	objects = {

/* Begin PBXBuildFile section */
		DA01AACA293BAA1A0045835A /* imdb_mock.swift in Sources */ = {isa = PBXBuildFile; fileRef = DA01AAC9293BAA1A0045835A /* imdb_mock.swift */; };
		DA01AAD0293BBF100045835A /* config_manager.swift in Sources */ = {isa = PBXBuildFile; fileRef = DA01AACF293BBF100045835A /* config_manager.swift */; };
		DA01AAD2293BC02C0045835A /* MovieDetailViewModel.swift in Sources */ = {isa = PBXBuildFile; fileRef = DA01AAD1293BC02C0045835A /* MovieDetailViewModel.swift */; };
		DA01AAD5293BCD790045835A /* MovieRepository.swift in Sources */ = {isa = PBXBuildFile; fileRef = DA01AAD4293BCD790045835A /* MovieRepository.swift */; };
		DA01AAD8293BD0220045835A /* movie_repository_mock.swift in Sources */ = {isa = PBXBuildFile; fileRef = DA01AAD7293BD0220045835A /* movie_repository_mock.swift */; };
		DA01AADB293BE7AD0045835A /* Kingfisher in Frameworks */ = {isa = PBXBuildFile; productRef = DA01AADA293BE7AD0045835A /* Kingfisher */; };
		DA01AADD293CD4DF0045835A /* MovieDetailView.swift in Sources */ = {isa = PBXBuildFile; fileRef = DA01AADC293CD4DF0045835A /* MovieDetailView.swift */; };
		DA01AADF293CD7CB0045835A /* Coordinator.swift in Sources */ = {isa = PBXBuildFile; fileRef = DA01AADE293CD7CB0045835A /* Coordinator.swift */; };
		DA01AAE2293CE0620045835A /* EntityTests.swift in Sources */ = {isa = PBXBuildFile; fileRef = DA01AAE0293CE0620045835A /* EntityTests.swift */; };
		DA01AAE3293CE2AD0045835A /* model.swift in Sources */ = {isa = PBXBuildFile; fileRef = DA21073E293B9EC200E23396 /* model.swift */; };
		DA01AAE4293CE2C00045835A /* Persistence.swift in Sources */ = {isa = PBXBuildFile; fileRef = DA2106FE293B7A8100E23396 /* Persistence.swift */; };
		DA01AAE6293CE3090045835A /* config_manager.swift in Sources */ = {isa = PBXBuildFile; fileRef = DA01AACF293BBF100045835A /* config_manager.swift */; };
		DA01AAE7293CE30D0045835A /* enum.swift in Sources */ = {isa = PBXBuildFile; fileRef = DA210741293BA24600E23396 /* enum.swift */; };
		DA01AAE8293CE3100045835A /* response.swift in Sources */ = {isa = PBXBuildFile; fileRef = DA210743293BA25000E23396 /* response.swift */; };
		DA01AAED293CE32A0045835A /* imdb_model.swift in Sources */ = {isa = PBXBuildFile; fileRef = DA21073B293B896900E23396 /* imdb_model.swift */; };
		DA01AAF0293D36FF0045835A /* Fakery in Frameworks */ = {isa = PBXBuildFile; productRef = DA01AAEF293D36FF0045835A /* Fakery */; };
		DA01AAF2293D3C070045835A /* ViewModelTests.swift in Sources */ = {isa = PBXBuildFile; fileRef = DA01AAF1293D3C070045835A /* ViewModelTests.swift */; };
		DA2106FD293B7A8100E23396 /* imdb_exerciseApp.swift in Sources */ = {isa = PBXBuildFile; fileRef = DA2106FC293B7A8100E23396 /* imdb_exerciseApp.swift */; };
		DA2106FF293B7A8100E23396 /* Persistence.swift in Sources */ = {isa = PBXBuildFile; fileRef = DA2106FE293B7A8100E23396 /* Persistence.swift */; };
		DA210702293B7A8100E23396 /* imdb_exercise.xcdatamodeld in Sources */ = {isa = PBXBuildFile; fileRef = DA210700293B7A8100E23396 /* imdb_exercise.xcdatamodeld */; };
		DA210704293B7A8100E23396 /* ContentView.swift in Sources */ = {isa = PBXBuildFile; fileRef = DA210703293B7A8100E23396 /* ContentView.swift */; };
		DA210706293B7A8200E23396 /* Assets.xcassets in Resources */ = {isa = PBXBuildFile; fileRef = DA210705293B7A8200E23396 /* Assets.xcassets */; };
		DA21070A293B7A8200E23396 /* Preview Assets.xcassets in Resources */ = {isa = PBXBuildFile; fileRef = DA210709293B7A8200E23396 /* Preview Assets.xcassets */; };
		DA21071E293B7A8200E23396 /* imdb_exerciseUITests.swift in Sources */ = {isa = PBXBuildFile; fileRef = DA21071D293B7A8200E23396 /* imdb_exerciseUITests.swift */; };
		DA210720293B7A8200E23396 /* imdb_exerciseUITestsLaunchTests.swift in Sources */ = {isa = PBXBuildFile; fileRef = DA21071F293B7A8200E23396 /* imdb_exerciseUITestsLaunchTests.swift */; };
		DA210737293B84E500E23396 /* imdb.swift in Sources */ = {isa = PBXBuildFile; fileRef = DA210736293B84E500E23396 /* imdb.swift */; };
		DA21073A293B860800E23396 /* Alamofire in Frameworks */ = {isa = PBXBuildFile; productRef = DA210739293B860800E23396 /* Alamofire */; };
		DA21073C293B896900E23396 /* imdb_model.swift in Sources */ = {isa = PBXBuildFile; fileRef = DA21073B293B896900E23396 /* imdb_model.swift */; };
		DA21073F293B9EC200E23396 /* model.swift in Sources */ = {isa = PBXBuildFile; fileRef = DA21073E293B9EC200E23396 /* model.swift */; };
		DA210742293BA24600E23396 /* enum.swift in Sources */ = {isa = PBXBuildFile; fileRef = DA210741293BA24600E23396 /* enum.swift */; };
		DA210744293BA25000E23396 /* response.swift in Sources */ = {isa = PBXBuildFile; fileRef = DA210743293BA25000E23396 /* response.swift */; };
		DA210746293BA59E00E23396 /* ContentViewAdapter.swift in Sources */ = {isa = PBXBuildFile; fileRef = DA210745293BA59E00E23396 /* ContentViewAdapter.swift */; };
		DA6EC2842940D4AA002B9A5F /* MovieDetailViewModel.swift in Sources */ = {isa = PBXBuildFile; fileRef = DA01AAD1293BC02C0045835A /* MovieDetailViewModel.swift */; };
		DA7563B92940A07F008F7CB4 /* entity.swift in Sources */ = {isa = PBXBuildFile; fileRef = DA7563B82940A07F008F7CB4 /* entity.swift */; };
		DA7563BA2940A555008F7CB4 /* entity.swift in Sources */ = {isa = PBXBuildFile; fileRef = DA7563B82940A07F008F7CB4 /* entity.swift */; };
		DA7563BB2940B3E1008F7CB4 /* MovieDetailAdapter.swift in Sources */ = {isa = PBXBuildFile; fileRef = DA79BBED293DE10500897D08 /* MovieDetailAdapter.swift */; };
		DA7563C52940BA96008F7CB4 /* ContentViewAdapter.swift in Sources */ = {isa = PBXBuildFile; fileRef = DA210745293BA59E00E23396 /* ContentViewAdapter.swift */; };
		DA7563C72940BB35008F7CB4 /* ContentView.swift in Sources */ = {isa = PBXBuildFile; fileRef = DA210703293B7A8100E23396 /* ContentView.swift */; };
		DA7563C82940BB3E008F7CB4 /* MovieDetailView.swift in Sources */ = {isa = PBXBuildFile; fileRef = DA01AADC293CD4DF0045835A /* MovieDetailView.swift */; };
		DA7563C92940BB5B008F7CB4 /* Coordinator.swift in Sources */ = {isa = PBXBuildFile; fileRef = DA01AADE293CD7CB0045835A /* Coordinator.swift */; };
		DA7563CA2940BB6A008F7CB4 /* imdb.swift in Sources */ = {isa = PBXBuildFile; fileRef = DA210736293B84E500E23396 /* imdb.swift */; };
		DA7563CB2940BBA4008F7CB4 /* MovieRepository.swift in Sources */ = {isa = PBXBuildFile; fileRef = DA01AAD4293BCD790045835A /* MovieRepository.swift */; };
		DA7563CC2940C02A008F7CB4 /* imdb_mock.swift in Sources */ = {isa = PBXBuildFile; fileRef = DA01AAC9293BAA1A0045835A /* imdb_mock.swift */; };
		DA7563CD2940C033008F7CB4 /* movie_repository_mock.swift in Sources */ = {isa = PBXBuildFile; fileRef = DA01AAD7293BD0220045835A /* movie_repository_mock.swift */; };
		DA7563D12940CFFF008F7CB4 /* viewmodel.swift in Sources */ = {isa = PBXBuildFile; fileRef = DA7563D02940CFFF008F7CB4 /* viewmodel.swift */; };
		DA7563D22940D088008F7CB4 /* viewmodel.swift in Sources */ = {isa = PBXBuildFile; fileRef = DA7563D02940CFFF008F7CB4 /* viewmodel.swift */; };
		DA79BBEE293DE10500897D08 /* MovieDetailAdapter.swift in Sources */ = {isa = PBXBuildFile; fileRef = DA79BBED293DE10500897D08 /* MovieDetailAdapter.swift */; };
		DAE7CFD6293F62B100629A4F /* Mockingbird in Frameworks */ = {isa = PBXBuildFile; productRef = DAE7CFD5293F62B100629A4F /* Mockingbird */; };
		DAE7CFD8293F637B00629A4F /* imdb_protocol.swift in Sources */ = {isa = PBXBuildFile; fileRef = DAE7CFD7293F637B00629A4F /* imdb_protocol.swift */; };
		DAE7CFDA293F66F800629A4F /* imdb_protocol.swift in Sources */ = {isa = PBXBuildFile; fileRef = DAE7CFD7293F637B00629A4F /* imdb_protocol.swift */; };
		DAE7CFDC293F671100629A4F /* AdapterTests.swift in Sources */ = {isa = PBXBuildFile; fileRef = DAE7CFDB293F671100629A4F /* AdapterTests.swift */; };
		DAE7CFDE293F694300629A4F /* MovieRepository_protocol.swift in Sources */ = {isa = PBXBuildFile; fileRef = DAE7CFDD293F694300629A4F /* MovieRepository_protocol.swift */; };
		DAE7CFDF293F694600629A4F /* MovieRepository_protocol.swift in Sources */ = {isa = PBXBuildFile; fileRef = DAE7CFDD293F694300629A4F /* MovieRepository_protocol.swift */; };
		DAE7CFE4293F818500629A4F /* imdb_exercise.xcdatamodeld in Sources */ = {isa = PBXBuildFile; fileRef = DA210700293B7A8100E23396 /* imdb_exercise.xcdatamodeld */; };
		EE4FE7F4E0A34037E5326DCF /* imdb_exerciseTests-imdb_exerciseMocks.generated.swift in Sources */ = {isa = PBXBuildFile; fileRef = 39331419852C8AEE451EED0B /* imdb_exerciseTests-imdb_exerciseMocks.generated.swift */; };
/* End PBXBuildFile section */

/* Begin PBXContainerItemProxy section */
		DA210710293B7A8200E23396 /* PBXContainerItemProxy */ = {
			isa = PBXContainerItemProxy;
			containerPortal = DA2106F1293B7A8100E23396 /* Project object */;
			proxyType = 1;
			remoteGlobalIDString = DA2106F8293B7A8100E23396;
			remoteInfo = "imdb-exercise";
		};
		DA21071A293B7A8200E23396 /* PBXContainerItemProxy */ = {
			isa = PBXContainerItemProxy;
			containerPortal = DA2106F1293B7A8100E23396 /* Project object */;
			proxyType = 1;
			remoteGlobalIDString = DA2106F8293B7A8100E23396;
			remoteInfo = "imdb-exercise";
		};
/* End PBXContainerItemProxy section */

/* Begin PBXFileReference section */
		39331419852C8AEE451EED0B /* imdb_exerciseTests-imdb_exerciseMocks.generated.swift */ = {isa = PBXFileReference; explicitFileType = sourcecode.swift; name = "imdb_exerciseTests-imdb_exerciseMocks.generated.swift"; path = "MockingbirdMocks/imdb_exerciseTests-imdb_exerciseMocks.generated.swift"; sourceTree = "<group>"; };
		DA01AAC9293BAA1A0045835A /* imdb_mock.swift */ = {isa = PBXFileReference; lastKnownFileType = sourcecode.swift; path = imdb_mock.swift; sourceTree = "<group>"; };
		DA01AACB293BBDA20045835A /* Info.plist */ = {isa = PBXFileReference; lastKnownFileType = text.plist; path = Info.plist; sourceTree = "<group>"; };
		DA01AACF293BBF100045835A /* config_manager.swift */ = {isa = PBXFileReference; lastKnownFileType = sourcecode.swift; path = config_manager.swift; sourceTree = "<group>"; };
		DA01AAD1293BC02C0045835A /* MovieDetailViewModel.swift */ = {isa = PBXFileReference; lastKnownFileType = sourcecode.swift; path = MovieDetailViewModel.swift; sourceTree = "<group>"; };
		DA01AAD4293BCD790045835A /* MovieRepository.swift */ = {isa = PBXFileReference; lastKnownFileType = sourcecode.swift; path = MovieRepository.swift; sourceTree = "<group>"; };
		DA01AAD7293BD0220045835A /* movie_repository_mock.swift */ = {isa = PBXFileReference; lastKnownFileType = sourcecode.swift; path = movie_repository_mock.swift; sourceTree = "<group>"; };
		DA01AADC293CD4DF0045835A /* MovieDetailView.swift */ = {isa = PBXFileReference; lastKnownFileType = sourcecode.swift; path = MovieDetailView.swift; sourceTree = "<group>"; };
		DA01AADE293CD7CB0045835A /* Coordinator.swift */ = {isa = PBXFileReference; lastKnownFileType = sourcecode.swift; path = Coordinator.swift; sourceTree = "<group>"; };
		DA01AAE0293CE0620045835A /* EntityTests.swift */ = {isa = PBXFileReference; lastKnownFileType = sourcecode.swift; path = EntityTests.swift; sourceTree = "<group>"; };
		DA01AAF1293D3C070045835A /* ViewModelTests.swift */ = {isa = PBXFileReference; lastKnownFileType = sourcecode.swift; path = ViewModelTests.swift; sourceTree = "<group>"; };
		DA2106F9293B7A8100E23396 /* imdb-exercise.app */ = {isa = PBXFileReference; explicitFileType = wrapper.application; includeInIndex = 0; path = "imdb-exercise.app"; sourceTree = BUILT_PRODUCTS_DIR; };
		DA2106FC293B7A8100E23396 /* imdb_exerciseApp.swift */ = {isa = PBXFileReference; lastKnownFileType = sourcecode.swift; path = imdb_exerciseApp.swift; sourceTree = "<group>"; };
		DA2106FE293B7A8100E23396 /* Persistence.swift */ = {isa = PBXFileReference; lastKnownFileType = sourcecode.swift; path = Persistence.swift; sourceTree = "<group>"; };
		DA210701293B7A8100E23396 /* imdb_exercise.xcdatamodel */ = {isa = PBXFileReference; lastKnownFileType = wrapper.xcdatamodel; path = imdb_exercise.xcdatamodel; sourceTree = "<group>"; };
		DA210703293B7A8100E23396 /* ContentView.swift */ = {isa = PBXFileReference; lastKnownFileType = sourcecode.swift; path = ContentView.swift; sourceTree = "<group>"; };
		DA210705293B7A8200E23396 /* Assets.xcassets */ = {isa = PBXFileReference; lastKnownFileType = folder.assetcatalog; path = Assets.xcassets; sourceTree = "<group>"; };
		DA210707293B7A8200E23396 /* imdb_exercise.entitlements */ = {isa = PBXFileReference; lastKnownFileType = text.plist.entitlements; path = imdb_exercise.entitlements; sourceTree = "<group>"; };
		DA210709293B7A8200E23396 /* Preview Assets.xcassets */ = {isa = PBXFileReference; lastKnownFileType = folder.assetcatalog; path = "Preview Assets.xcassets"; sourceTree = "<group>"; };
		DA21070F293B7A8200E23396 /* imdb-exerciseTests.xctest */ = {isa = PBXFileReference; explicitFileType = wrapper.cfbundle; includeInIndex = 0; path = "imdb-exerciseTests.xctest"; sourceTree = BUILT_PRODUCTS_DIR; };
		DA210719293B7A8200E23396 /* imdb-exerciseUITests.xctest */ = {isa = PBXFileReference; explicitFileType = wrapper.cfbundle; includeInIndex = 0; path = "imdb-exerciseUITests.xctest"; sourceTree = BUILT_PRODUCTS_DIR; };
		DA21071D293B7A8200E23396 /* imdb_exerciseUITests.swift */ = {isa = PBXFileReference; lastKnownFileType = sourcecode.swift; path = imdb_exerciseUITests.swift; sourceTree = "<group>"; };
		DA21071F293B7A8200E23396 /* imdb_exerciseUITestsLaunchTests.swift */ = {isa = PBXFileReference; lastKnownFileType = sourcecode.swift; path = imdb_exerciseUITestsLaunchTests.swift; sourceTree = "<group>"; };
		DA210736293B84E500E23396 /* imdb.swift */ = {isa = PBXFileReference; lastKnownFileType = sourcecode.swift; path = imdb.swift; sourceTree = "<group>"; };
		DA21073B293B896900E23396 /* imdb_model.swift */ = {isa = PBXFileReference; lastKnownFileType = sourcecode.swift; path = imdb_model.swift; sourceTree = "<group>"; };
		DA21073E293B9EC200E23396 /* model.swift */ = {isa = PBXFileReference; lastKnownFileType = sourcecode.swift; path = model.swift; sourceTree = "<group>"; };
		DA210741293BA24600E23396 /* enum.swift */ = {isa = PBXFileReference; lastKnownFileType = sourcecode.swift; path = enum.swift; sourceTree = "<group>"; };
		DA210743293BA25000E23396 /* response.swift */ = {isa = PBXFileReference; lastKnownFileType = sourcecode.swift; path = response.swift; sourceTree = "<group>"; };
		DA210745293BA59E00E23396 /* ContentViewAdapter.swift */ = {isa = PBXFileReference; lastKnownFileType = sourcecode.swift; path = ContentViewAdapter.swift; sourceTree = "<group>"; };
		DA7563B82940A07F008F7CB4 /* entity.swift */ = {isa = PBXFileReference; fileEncoding = 4; lastKnownFileType = sourcecode.swift; path = entity.swift; sourceTree = "<group>"; };
		DA7563D02940CFFF008F7CB4 /* viewmodel.swift */ = {isa = PBXFileReference; lastKnownFileType = sourcecode.swift; path = viewmodel.swift; sourceTree = "<group>"; };
		DA79BBED293DE10500897D08 /* MovieDetailAdapter.swift */ = {isa = PBXFileReference; lastKnownFileType = sourcecode.swift; path = MovieDetailAdapter.swift; sourceTree = "<group>"; };
		DAE7CFD7293F637B00629A4F /* imdb_protocol.swift */ = {isa = PBXFileReference; fileEncoding = 4; lastKnownFileType = sourcecode.swift; path = imdb_protocol.swift; sourceTree = "<group>"; };
		DAE7CFDB293F671100629A4F /* AdapterTests.swift */ = {isa = PBXFileReference; fileEncoding = 4; lastKnownFileType = sourcecode.swift; path = AdapterTests.swift; sourceTree = "<group>"; };
		DAE7CFDD293F694300629A4F /* MovieRepository_protocol.swift */ = {isa = PBXFileReference; lastKnownFileType = sourcecode.swift; path = MovieRepository_protocol.swift; sourceTree = "<group>"; };
/* End PBXFileReference section */

/* Begin PBXFrameworksBuildPhase section */
		DA2106F6293B7A8100E23396 /* Frameworks */ = {
			isa = PBXFrameworksBuildPhase;
			buildActionMask = 2147483647;
			files = (
				DA01AADB293BE7AD0045835A /* Kingfisher in Frameworks */,
				DA21073A293B860800E23396 /* Alamofire in Frameworks */,
				DA01AAF0293D36FF0045835A /* Fakery in Frameworks */,
			);
			runOnlyForDeploymentPostprocessing = 0;
		};
		DA21070C293B7A8200E23396 /* Frameworks */ = {
			isa = PBXFrameworksBuildPhase;
			buildActionMask = 2147483647;
			files = (
				DAE7CFD6293F62B100629A4F /* Mockingbird in Frameworks */,
			);
			runOnlyForDeploymentPostprocessing = 0;
		};
		DA210716293B7A8200E23396 /* Frameworks */ = {
			isa = PBXFrameworksBuildPhase;
			buildActionMask = 2147483647;
			files = (
			);
			runOnlyForDeploymentPostprocessing = 0;
		};
/* End PBXFrameworksBuildPhase section */

/* Begin PBXGroup section */
		0BB2A1718A7BE2BFB85879AB /* Generated Mocks */ = {
			isa = PBXGroup;
			children = (
				39331419852C8AEE451EED0B /* imdb_exerciseTests-imdb_exerciseMocks.generated.swift */,
			);
			name = "Generated Mocks";
			sourceTree = "<group>";
		};
		DA01AAC8293BAA0C0045835A /* mocks */ = {
			isa = PBXGroup;
			children = (
				DA01AAC9293BAA1A0045835A /* imdb_mock.swift */,
			);
			path = mocks;
			sourceTree = "<group>";
		};
		DA01AACE293BBF050045835A /* config */ = {
			isa = PBXGroup;
			children = (
				DA01AACF293BBF100045835A /* config_manager.swift */,
			);
			path = config;
			sourceTree = "<group>";
		};
		DA01AAD3293BCD690045835A /* repository */ = {
			isa = PBXGroup;
			children = (
				DA01AAD6293BD00D0045835A /* mocks */,
				DA01AAD4293BCD790045835A /* MovieRepository.swift */,
				DAE7CFDD293F694300629A4F /* MovieRepository_protocol.swift */,
			);
			path = repository;
			sourceTree = "<group>";
		};
		DA01AAD6293BD00D0045835A /* mocks */ = {
			isa = PBXGroup;
			children = (
				DA01AAD7293BD0220045835A /* movie_repository_mock.swift */,
			);
			path = mocks;
			sourceTree = "<group>";
		};
		DA2106F0293B7A8100E23396 = {
			isa = PBXGroup;
			children = (
				DA2106FB293B7A8100E23396 /* imdb-exercise */,
				DA210712293B7A8200E23396 /* imdb-exerciseTests */,
				DA21071C293B7A8200E23396 /* imdb-exerciseUITests */,
				DA2106FA293B7A8100E23396 /* Products */,
				0BB2A1718A7BE2BFB85879AB /* Generated Mocks */,
			);
			sourceTree = "<group>";
		};
		DA2106FA293B7A8100E23396 /* Products */ = {
			isa = PBXGroup;
			children = (
				DA2106F9293B7A8100E23396 /* imdb-exercise.app */,
				DA21070F293B7A8200E23396 /* imdb-exerciseTests.xctest */,
				DA210719293B7A8200E23396 /* imdb-exerciseUITests.xctest */,
			);
			name = Products;
			sourceTree = "<group>";
		};
		DA2106FB293B7A8100E23396 /* imdb-exercise */ = {
			isa = PBXGroup;
			children = (
				DA01AACB293BBDA20045835A /* Info.plist */,
				DA01AACE293BBF050045835A /* config */,
				DA210740293BA23900E23396 /* appconstants */,
				DA7563B72940A05B008F7CB4 /* entity */,
				DA21073D293B9EB700E23396 /* model */,
				DA7563CF2940CFEE008F7CB4 /* viewmodel */,
				DA01AAD3293BCD690045835A /* repository */,
				DA210734293B84D600E23396 /* pkg */,
				DA2106FC293B7A8100E23396 /* imdb_exerciseApp.swift */,
				DA2106FE293B7A8100E23396 /* Persistence.swift */,
				DA01AADE293CD7CB0045835A /* Coordinator.swift */,
				DA210703293B7A8100E23396 /* ContentView.swift */,
				DA210745293BA59E00E23396 /* ContentViewAdapter.swift */,
				DA01AADC293CD4DF0045835A /* MovieDetailView.swift */,
				DA79BBED293DE10500897D08 /* MovieDetailAdapter.swift */,
				DA210705293B7A8200E23396 /* Assets.xcassets */,
				DA210707293B7A8200E23396 /* imdb_exercise.entitlements */,
				DA210700293B7A8100E23396 /* imdb_exercise.xcdatamodeld */,
				DA210708293B7A8200E23396 /* Preview Content */,
			);
			path = "imdb-exercise";
			sourceTree = "<group>";
		};
		DA210708293B7A8200E23396 /* Preview Content */ = {
			isa = PBXGroup;
			children = (
				DA210709293B7A8200E23396 /* Preview Assets.xcassets */,
			);
			path = "Preview Content";
			sourceTree = "<group>";
		};
		DA210712293B7A8200E23396 /* imdb-exerciseTests */ = {
			isa = PBXGroup;
			children = (
				DA01AAE0293CE0620045835A /* EntityTests.swift */,
				DA01AAF1293D3C070045835A /* ViewModelTests.swift */,
				DAE7CFDB293F671100629A4F /* AdapterTests.swift */,
			);
			path = "imdb-exerciseTests";
			sourceTree = "<group>";
		};
		DA21071C293B7A8200E23396 /* imdb-exerciseUITests */ = {
			isa = PBXGroup;
			children = (
				DA21071D293B7A8200E23396 /* imdb_exerciseUITests.swift */,
				DA21071F293B7A8200E23396 /* imdb_exerciseUITestsLaunchTests.swift */,
			);
			path = "imdb-exerciseUITests";
			sourceTree = "<group>";
		};
		DA210734293B84D600E23396 /* pkg */ = {
			isa = PBXGroup;
			children = (
				DA210735293B84DC00E23396 /* imdb */,
			);
			path = pkg;
			sourceTree = "<group>";
		};
		DA210735293B84DC00E23396 /* imdb */ = {
			isa = PBXGroup;
			children = (
				DA01AAC8293BAA0C0045835A /* mocks */,
				DA210736293B84E500E23396 /* imdb.swift */,
				DA21073B293B896900E23396 /* imdb_model.swift */,
				DAE7CFD7293F637B00629A4F /* imdb_protocol.swift */,
			);
			path = imdb;
			sourceTree = "<group>";
		};
		DA21073D293B9EB700E23396 /* model */ = {
			isa = PBXGroup;
			children = (
				DA21073E293B9EC200E23396 /* model.swift */,
			);
			path = model;
			sourceTree = "<group>";
		};
		DA210740293BA23900E23396 /* appconstants */ = {
			isa = PBXGroup;
			children = (
				DA210741293BA24600E23396 /* enum.swift */,
				DA210743293BA25000E23396 /* response.swift */,
			);
			path = appconstants;
			sourceTree = "<group>";
		};
		DA7563B72940A05B008F7CB4 /* entity */ = {
			isa = PBXGroup;
			children = (
				DA7563B82940A07F008F7CB4 /* entity.swift */,
			);
			path = entity;
			sourceTree = "<group>";
		};
		DA7563CF2940CFEE008F7CB4 /* viewmodel */ = {
			isa = PBXGroup;
			children = (
				DA7563D02940CFFF008F7CB4 /* viewmodel.swift */,
				DA01AAD1293BC02C0045835A /* MovieDetailViewModel.swift */,
			);
			path = viewmodel;
			sourceTree = "<group>";
		};
/* End PBXGroup section */

/* Begin PBXNativeTarget section */
		DA2106F8293B7A8100E23396 /* imdb-exercise */ = {
			isa = PBXNativeTarget;
			buildConfigurationList = DA210723293B7A8200E23396 /* Build configuration list for PBXNativeTarget "imdb-exercise" */;
			buildPhases = (
				DA2106F5293B7A8100E23396 /* Sources */,
				DA2106F6293B7A8100E23396 /* Frameworks */,
				DA2106F7293B7A8100E23396 /* Resources */,
			);
			buildRules = (
			);
			dependencies = (
			);
			name = "imdb-exercise";
			packageProductDependencies = (
				DA210739293B860800E23396 /* Alamofire */,
				DA01AADA293BE7AD0045835A /* Kingfisher */,
				DA01AAEF293D36FF0045835A /* Fakery */,
			);
			productName = "imdb-exercise";
			productReference = DA2106F9293B7A8100E23396 /* imdb-exercise.app */;
			productType = "com.apple.product-type.application";
		};
		DA21070E293B7A8200E23396 /* imdb-exerciseTests */ = {
			isa = PBXNativeTarget;
			buildConfigurationList = DA210726293B7A8200E23396 /* Build configuration list for PBXNativeTarget "imdb-exerciseTests" */;
			buildPhases = (
				AFDF0E5905760FBC95E7872F /* Generate Mockingbird Mocks */,
				DA21070B293B7A8200E23396 /* Sources */,
				DA21070C293B7A8200E23396 /* Frameworks */,
				DA21070D293B7A8200E23396 /* Resources */,
			);
			buildRules = (
			);
			dependencies = (
				DA210711293B7A8200E23396 /* PBXTargetDependency */,
			);
			name = "imdb-exerciseTests";
			packageProductDependencies = (
				DAE7CFD5293F62B100629A4F /* Mockingbird */,
			);
			productName = "imdb-exerciseTests";
			productReference = DA21070F293B7A8200E23396 /* imdb-exerciseTests.xctest */;
			productType = "com.apple.product-type.bundle.unit-test";
		};
		DA210718293B7A8200E23396 /* imdb-exerciseUITests */ = {
			isa = PBXNativeTarget;
			buildConfigurationList = DA210729293B7A8200E23396 /* Build configuration list for PBXNativeTarget "imdb-exerciseUITests" */;
			buildPhases = (
				DA210715293B7A8200E23396 /* Sources */,
				DA210716293B7A8200E23396 /* Frameworks */,
				DA210717293B7A8200E23396 /* Resources */,
			);
			buildRules = (
			);
			dependencies = (
				DA21071B293B7A8200E23396 /* PBXTargetDependency */,
			);
			name = "imdb-exerciseUITests";
			productName = "imdb-exerciseUITests";
			productReference = DA210719293B7A8200E23396 /* imdb-exerciseUITests.xctest */;
			productType = "com.apple.product-type.bundle.ui-testing";
		};
/* End PBXNativeTarget section */

/* Begin PBXProject section */
		DA2106F1293B7A8100E23396 /* Project object */ = {
			isa = PBXProject;
			attributes = {
				BuildIndependentTargetsInParallel = 1;
				LastSwiftUpdateCheck = 1410;
				LastUpgradeCheck = 1410;
				TargetAttributes = {
					DA2106F8293B7A8100E23396 = {
						CreatedOnToolsVersion = 14.1;
					};
					DA21070E293B7A8200E23396 = {
						CreatedOnToolsVersion = 14.1;
						TestTargetID = DA2106F8293B7A8100E23396;
					};
					DA210718293B7A8200E23396 = {
						CreatedOnToolsVersion = 14.1;
						TestTargetID = DA2106F8293B7A8100E23396;
					};
				};
			};
			buildConfigurationList = DA2106F4293B7A8100E23396 /* Build configuration list for PBXProject "imdb-exercise" */;
			compatibilityVersion = "Xcode 14.0";
			developmentRegion = en;
			hasScannedForEncodings = 0;
			knownRegions = (
				en,
				Base,
			);
			mainGroup = DA2106F0293B7A8100E23396;
			packageReferences = (
				DA210738293B860800E23396 /* XCRemoteSwiftPackageReference "Alamofire" */,
				DA01AAD9293BE7AD0045835A /* XCRemoteSwiftPackageReference "Kingfisher" */,
				DA01AAEE293D36FF0045835A /* XCRemoteSwiftPackageReference "Fakery" */,
				DAE7CFD4293F62B100629A4F /* XCRemoteSwiftPackageReference "mockingbird" */,
			);
			productRefGroup = DA2106FA293B7A8100E23396 /* Products */;
			projectDirPath = "";
			projectRoot = "";
			targets = (
				DA2106F8293B7A8100E23396 /* imdb-exercise */,
				DA21070E293B7A8200E23396 /* imdb-exerciseTests */,
				DA210718293B7A8200E23396 /* imdb-exerciseUITests */,
			);
		};
/* End PBXProject section */

/* Begin PBXResourcesBuildPhase section */
		DA2106F7293B7A8100E23396 /* Resources */ = {
			isa = PBXResourcesBuildPhase;
			buildActionMask = 2147483647;
			files = (
				DA21070A293B7A8200E23396 /* Preview Assets.xcassets in Resources */,
				DA210706293B7A8200E23396 /* Assets.xcassets in Resources */,
			);
			runOnlyForDeploymentPostprocessing = 0;
		};
		DA21070D293B7A8200E23396 /* Resources */ = {
			isa = PBXResourcesBuildPhase;
			buildActionMask = 2147483647;
			files = (
			);
			runOnlyForDeploymentPostprocessing = 0;
		};
		DA210717293B7A8200E23396 /* Resources */ = {
			isa = PBXResourcesBuildPhase;
			buildActionMask = 2147483647;
			files = (
			);
			runOnlyForDeploymentPostprocessing = 0;
		};
/* End PBXResourcesBuildPhase section */

/* Begin PBXShellScriptBuildPhase section */
		AFDF0E5905760FBC95E7872F /* Generate Mockingbird Mocks */ = {
			isa = PBXShellScriptBuildPhase;
			alwaysOutOfDate = 1;
			buildActionMask = 2147483647;
			files = (
			);
			inputPaths = (
			);
			name = "Generate Mockingbird Mocks";
			outputPaths = (
				"$(SRCROOT)/MockingbirdMocks/imdb_exerciseTests-imdb_exerciseMocks.generated.swift",
			);
			runOnlyForDeploymentPostprocessing = 0;
			shellPath = /bin/sh;
			shellScript = "set -eu\n\n# Prevent Xcode 13 from running this script while indexing.\n[[ \"${ACTION}\" == \"indexbuild\" ]] && exit 0\n\n\"/Users/ozanyaldir/Library/Developer/Xcode/DerivedData/imdb-exercise-gbrqmhgauxtohjfuuhgdmolppwfq/SourcePackages/checkouts/mockingbird/mockingbird\" generate --targets \"imdb-exercise\" --outputs \"${SRCROOT}/MockingbirdMocks/imdb_exerciseTests-imdb_exerciseMocks.generated.swift\"";
		};
/* End PBXShellScriptBuildPhase section */

/* Begin PBXSourcesBuildPhase section */
		DA2106F5293B7A8100E23396 /* Sources */ = {
			isa = PBXSourcesBuildPhase;
			buildActionMask = 2147483647;
			files = (
				DA01AAD0293BBF100045835A /* config_manager.swift in Sources */,
				DA2106FD293B7A8100E23396 /* imdb_exerciseApp.swift in Sources */,
				DA21073C293B896900E23396 /* imdb_model.swift in Sources */,
				DA7563B92940A07F008F7CB4 /* entity.swift in Sources */,
				DA210746293BA59E00E23396 /* ContentViewAdapter.swift in Sources */,
				DA01AAD5293BCD790045835A /* MovieRepository.swift in Sources */,
				DA210742293BA24600E23396 /* enum.swift in Sources */,
				DAE7CFDE293F694300629A4F /* MovieRepository_protocol.swift in Sources */,
				DA01AAD2293BC02C0045835A /* MovieDetailViewModel.swift in Sources */,
				DA210744293BA25000E23396 /* response.swift in Sources */,
				DA210737293B84E500E23396 /* imdb.swift in Sources */,
				DA210702293B7A8100E23396 /* imdb_exercise.xcdatamodeld in Sources */,
				DA01AADF293CD7CB0045835A /* Coordinator.swift in Sources */,
				DA210704293B7A8100E23396 /* ContentView.swift in Sources */,
				DA21073F293B9EC200E23396 /* model.swift in Sources */,
				DA79BBEE293DE10500897D08 /* MovieDetailAdapter.swift in Sources */,
				DA01AAD8293BD0220045835A /* movie_repository_mock.swift in Sources */,
				DA2106FF293B7A8100E23396 /* Persistence.swift in Sources */,
				DA01AADD293CD4DF0045835A /* MovieDetailView.swift in Sources */,
				DAE7CFD8293F637B00629A4F /* imdb_protocol.swift in Sources */,
				DA7563D12940CFFF008F7CB4 /* viewmodel.swift in Sources */,
				DA01AACA293BAA1A0045835A /* imdb_mock.swift in Sources */,
			);
			runOnlyForDeploymentPostprocessing = 0;
		};
		DA21070B293B7A8200E23396 /* Sources */ = {
			isa = PBXSourcesBuildPhase;
			buildActionMask = 2147483647;
			files = (
				DAE7CFDF293F694600629A4F /* MovieRepository_protocol.swift in Sources */,
				DA7563C72940BB35008F7CB4 /* ContentView.swift in Sources */,
				DA01AAED293CE32A0045835A /* imdb_model.swift in Sources */,
				DA7563C52940BA96008F7CB4 /* ContentViewAdapter.swift in Sources */,
				DAE7CFDC293F671100629A4F /* AdapterTests.swift in Sources */,
				DA7563C92940BB5B008F7CB4 /* Coordinator.swift in Sources */,
				DA7563CD2940C033008F7CB4 /* movie_repository_mock.swift in Sources */,
				DA01AAE8293CE3100045835A /* response.swift in Sources */,
				DA7563CB2940BBA4008F7CB4 /* MovieRepository.swift in Sources */,
				DA7563BA2940A555008F7CB4 /* entity.swift in Sources */,
				DAE7CFE4293F818500629A4F /* imdb_exercise.xcdatamodeld in Sources */,
				DA7563C82940BB3E008F7CB4 /* MovieDetailView.swift in Sources */,
				DA01AAE6293CE3090045835A /* config_manager.swift in Sources */,
				DA01AAE7293CE30D0045835A /* enum.swift in Sources */,
				DA7563D22940D088008F7CB4 /* viewmodel.swift in Sources */,
				DA01AAE4293CE2C00045835A /* Persistence.swift in Sources */,
				DA7563CA2940BB6A008F7CB4 /* imdb.swift in Sources */,
				DA01AAE3293CE2AD0045835A /* model.swift in Sources */,
				DA01AAE2293CE0620045835A /* EntityTests.swift in Sources */,
				DAE7CFDA293F66F800629A4F /* imdb_protocol.swift in Sources */,
				DA7563BB2940B3E1008F7CB4 /* MovieDetailAdapter.swift in Sources */,
				DA6EC2842940D4AA002B9A5F /* MovieDetailViewModel.swift in Sources */,
				DA7563CC2940C02A008F7CB4 /* imdb_mock.swift in Sources */,
				DA01AAF2293D3C070045835A /* ViewModelTests.swift in Sources */,
				EE4FE7F4E0A34037E5326DCF /* imdb_exerciseTests-imdb_exerciseMocks.generated.swift in Sources */,
			);
			runOnlyForDeploymentPostprocessing = 0;
		};
		DA210715293B7A8200E23396 /* Sources */ = {
			isa = PBXSourcesBuildPhase;
			buildActionMask = 2147483647;
			files = (
				DA210720293B7A8200E23396 /* imdb_exerciseUITestsLaunchTests.swift in Sources */,
				DA21071E293B7A8200E23396 /* imdb_exerciseUITests.swift in Sources */,
			);
			runOnlyForDeploymentPostprocessing = 0;
		};
/* End PBXSourcesBuildPhase section */

/* Begin PBXTargetDependency section */
		DA210711293B7A8200E23396 /* PBXTargetDependency */ = {
			isa = PBXTargetDependency;
			target = DA2106F8293B7A8100E23396 /* imdb-exercise */;
			targetProxy = DA210710293B7A8200E23396 /* PBXContainerItemProxy */;
		};
		DA21071B293B7A8200E23396 /* PBXTargetDependency */ = {
			isa = PBXTargetDependency;
			target = DA2106F8293B7A8100E23396 /* imdb-exercise */;
			targetProxy = DA21071A293B7A8200E23396 /* PBXContainerItemProxy */;
		};
/* End PBXTargetDependency section */

/* Begin XCBuildConfiguration section */
		DA210721293B7A8200E23396 /* Debug */ = {
			isa = XCBuildConfiguration;
			buildSettings = {
				ALWAYS_SEARCH_USER_PATHS = NO;
				CLANG_ANALYZER_NONNULL = YES;
				CLANG_ANALYZER_NUMBER_OBJECT_CONVERSION = YES_AGGRESSIVE;
				CLANG_CXX_LANGUAGE_STANDARD = "gnu++20";
				CLANG_ENABLE_MODULES = YES;
				CLANG_ENABLE_OBJC_ARC = YES;
				CLANG_ENABLE_OBJC_WEAK = YES;
				CLANG_WARN_BLOCK_CAPTURE_AUTORELEASING = YES;
				CLANG_WARN_BOOL_CONVERSION = YES;
				CLANG_WARN_COMMA = YES;
				CLANG_WARN_CONSTANT_CONVERSION = YES;
				CLANG_WARN_DEPRECATED_OBJC_IMPLEMENTATIONS = YES;
				CLANG_WARN_DIRECT_OBJC_ISA_USAGE = YES_ERROR;
				CLANG_WARN_DOCUMENTATION_COMMENTS = YES;
				CLANG_WARN_EMPTY_BODY = YES;
				CLANG_WARN_ENUM_CONVERSION = YES;
				CLANG_WARN_INFINITE_RECURSION = YES;
				CLANG_WARN_INT_CONVERSION = YES;
				CLANG_WARN_NON_LITERAL_NULL_CONVERSION = YES;
				CLANG_WARN_OBJC_IMPLICIT_RETAIN_SELF = YES;
				CLANG_WARN_OBJC_LITERAL_CONVERSION = YES;
				CLANG_WARN_OBJC_ROOT_CLASS = YES_ERROR;
				CLANG_WARN_QUOTED_INCLUDE_IN_FRAMEWORK_HEADER = YES;
				CLANG_WARN_RANGE_LOOP_ANALYSIS = YES;
				CLANG_WARN_STRICT_PROTOTYPES = YES;
				CLANG_WARN_SUSPICIOUS_MOVE = YES;
				CLANG_WARN_UNGUARDED_AVAILABILITY = YES_AGGRESSIVE;
				CLANG_WARN_UNREACHABLE_CODE = YES;
				CLANG_WARN__DUPLICATE_METHOD_MATCH = YES;
				COPY_PHASE_STRIP = NO;
				DEBUG_INFORMATION_FORMAT = dwarf;
				ENABLE_STRICT_OBJC_MSGSEND = YES;
				ENABLE_TESTABILITY = YES;
				GCC_C_LANGUAGE_STANDARD = gnu11;
				GCC_DYNAMIC_NO_PIC = NO;
				GCC_NO_COMMON_BLOCKS = YES;
				GCC_OPTIMIZATION_LEVEL = 0;
				GCC_PREPROCESSOR_DEFINITIONS = (
					"DEBUG=1",
					"$(inherited)",
				);
				GCC_WARN_64_TO_32_BIT_CONVERSION = YES;
				GCC_WARN_ABOUT_RETURN_TYPE = YES_ERROR;
				GCC_WARN_UNDECLARED_SELECTOR = YES;
				GCC_WARN_UNINITIALIZED_AUTOS = YES_AGGRESSIVE;
				GCC_WARN_UNUSED_FUNCTION = YES;
				GCC_WARN_UNUSED_VARIABLE = YES;
				MTL_ENABLE_DEBUG_INFO = INCLUDE_SOURCE;
				MTL_FAST_MATH = YES;
				ONLY_ACTIVE_ARCH = YES;
				SWIFT_ACTIVE_COMPILATION_CONDITIONS = DEBUG;
				SWIFT_OPTIMIZATION_LEVEL = "-Onone";
			};
			name = Debug;
		};
		DA210722293B7A8200E23396 /* Release */ = {
			isa = XCBuildConfiguration;
			buildSettings = {
				ALWAYS_SEARCH_USER_PATHS = NO;
				CLANG_ANALYZER_NONNULL = YES;
				CLANG_ANALYZER_NUMBER_OBJECT_CONVERSION = YES_AGGRESSIVE;
				CLANG_CXX_LANGUAGE_STANDARD = "gnu++20";
				CLANG_ENABLE_MODULES = YES;
				CLANG_ENABLE_OBJC_ARC = YES;
				CLANG_ENABLE_OBJC_WEAK = YES;
				CLANG_WARN_BLOCK_CAPTURE_AUTORELEASING = YES;
				CLANG_WARN_BOOL_CONVERSION = YES;
				CLANG_WARN_COMMA = YES;
				CLANG_WARN_CONSTANT_CONVERSION = YES;
				CLANG_WARN_DEPRECATED_OBJC_IMPLEMENTATIONS = YES;
				CLANG_WARN_DIRECT_OBJC_ISA_USAGE = YES_ERROR;
				CLANG_WARN_DOCUMENTATION_COMMENTS = YES;
				CLANG_WARN_EMPTY_BODY = YES;
				CLANG_WARN_ENUM_CONVERSION = YES;
				CLANG_WARN_INFINITE_RECURSION = YES;
				CLANG_WARN_INT_CONVERSION = YES;
				CLANG_WARN_NON_LITERAL_NULL_CONVERSION = YES;
				CLANG_WARN_OBJC_IMPLICIT_RETAIN_SELF = YES;
				CLANG_WARN_OBJC_LITERAL_CONVERSION = YES;
				CLANG_WARN_OBJC_ROOT_CLASS = YES_ERROR;
				CLANG_WARN_QUOTED_INCLUDE_IN_FRAMEWORK_HEADER = YES;
				CLANG_WARN_RANGE_LOOP_ANALYSIS = YES;
				CLANG_WARN_STRICT_PROTOTYPES = YES;
				CLANG_WARN_SUSPICIOUS_MOVE = YES;
				CLANG_WARN_UNGUARDED_AVAILABILITY = YES_AGGRESSIVE;
				CLANG_WARN_UNREACHABLE_CODE = YES;
				CLANG_WARN__DUPLICATE_METHOD_MATCH = YES;
				COPY_PHASE_STRIP = NO;
				DEBUG_INFORMATION_FORMAT = "dwarf-with-dsym";
				ENABLE_NS_ASSERTIONS = NO;
				ENABLE_STRICT_OBJC_MSGSEND = YES;
				GCC_C_LANGUAGE_STANDARD = gnu11;
				GCC_NO_COMMON_BLOCKS = YES;
				GCC_WARN_64_TO_32_BIT_CONVERSION = YES;
				GCC_WARN_ABOUT_RETURN_TYPE = YES_ERROR;
				GCC_WARN_UNDECLARED_SELECTOR = YES;
				GCC_WARN_UNINITIALIZED_AUTOS = YES_AGGRESSIVE;
				GCC_WARN_UNUSED_FUNCTION = YES;
				GCC_WARN_UNUSED_VARIABLE = YES;
				MTL_ENABLE_DEBUG_INFO = NO;
				MTL_FAST_MATH = YES;
				SWIFT_COMPILATION_MODE = wholemodule;
				SWIFT_OPTIMIZATION_LEVEL = "-O";
			};
			name = Release;
		};
		DA210724293B7A8200E23396 /* Debug */ = {
			isa = XCBuildConfiguration;
			buildSettings = {
				ASSETCATALOG_COMPILER_APPICON_NAME = AppIcon;
				ASSETCATALOG_COMPILER_GLOBAL_ACCENT_COLOR_NAME = AccentColor;
				CODE_SIGN_ENTITLEMENTS = "imdb-exercise/imdb_exercise.entitlements";
				CODE_SIGN_STYLE = Automatic;
				CURRENT_PROJECT_VERSION = 1;
				DEVELOPMENT_ASSET_PATHS = "\"imdb-exercise/Preview Content\"";
				DEVELOPMENT_TEAM = VSQTNZ7WAN;
				ENABLE_HARDENED_RUNTIME = YES;
				ENABLE_PREVIEWS = YES;
				GENERATE_INFOPLIST_FILE = YES;
				INFOPLIST_FILE = "imdb-exercise/Info.plist";
				"INFOPLIST_KEY_UIApplicationSceneManifest_Generation[sdk=iphoneos*]" = YES;
				"INFOPLIST_KEY_UIApplicationSceneManifest_Generation[sdk=iphonesimulator*]" = YES;
				"INFOPLIST_KEY_UIApplicationSupportsIndirectInputEvents[sdk=iphoneos*]" = YES;
				"INFOPLIST_KEY_UIApplicationSupportsIndirectInputEvents[sdk=iphonesimulator*]" = YES;
				"INFOPLIST_KEY_UILaunchScreen_Generation[sdk=iphoneos*]" = YES;
				"INFOPLIST_KEY_UILaunchScreen_Generation[sdk=iphonesimulator*]" = YES;
				"INFOPLIST_KEY_UIStatusBarStyle[sdk=iphoneos*]" = UIStatusBarStyleDefault;
				"INFOPLIST_KEY_UIStatusBarStyle[sdk=iphonesimulator*]" = UIStatusBarStyleDefault;
				INFOPLIST_KEY_UISupportedInterfaceOrientations_iPad = "UIInterfaceOrientationPortrait UIInterfaceOrientationPortraitUpsideDown UIInterfaceOrientationLandscapeLeft UIInterfaceOrientationLandscapeRight";
				INFOPLIST_KEY_UISupportedInterfaceOrientations_iPhone = "UIInterfaceOrientationPortrait UIInterfaceOrientationLandscapeLeft UIInterfaceOrientationLandscapeRight";
				IPHONEOS_DEPLOYMENT_TARGET = 16.1;
				LD_RUNPATH_SEARCH_PATHS = "@executable_path/Frameworks";
				"LD_RUNPATH_SEARCH_PATHS[sdk=macosx*]" = "@executable_path/../Frameworks";
				MACOSX_DEPLOYMENT_TARGET = 12.6;
				MARKETING_VERSION = 1.0;
				PRODUCT_BUNDLE_IDENTIFIER = "com.ozanyld.imdb-exercise";
				PRODUCT_NAME = "$(TARGET_NAME)";
				SDKROOT = auto;
				SUPPORTED_PLATFORMS = "iphoneos iphonesimulator macosx";
				SWIFT_EMIT_LOC_STRINGS = YES;
				SWIFT_VERSION = 5.0;
				TARGETED_DEVICE_FAMILY = "1,2";
			};
			name = Debug;
		};
		DA210725293B7A8200E23396 /* Release */ = {
			isa = XCBuildConfiguration;
			buildSettings = {
				ASSETCATALOG_COMPILER_APPICON_NAME = AppIcon;
				ASSETCATALOG_COMPILER_GLOBAL_ACCENT_COLOR_NAME = AccentColor;
				CODE_SIGN_ENTITLEMENTS = "imdb-exercise/imdb_exercise.entitlements";
				CODE_SIGN_STYLE = Automatic;
				CURRENT_PROJECT_VERSION = 1;
				DEVELOPMENT_ASSET_PATHS = "\"imdb-exercise/Preview Content\"";
				DEVELOPMENT_TEAM = VSQTNZ7WAN;
				ENABLE_HARDENED_RUNTIME = YES;
				ENABLE_PREVIEWS = YES;
				GENERATE_INFOPLIST_FILE = YES;
				INFOPLIST_FILE = "imdb-exercise/Info.plist";
				"INFOPLIST_KEY_UIApplicationSceneManifest_Generation[sdk=iphoneos*]" = YES;
				"INFOPLIST_KEY_UIApplicationSceneManifest_Generation[sdk=iphonesimulator*]" = YES;
				"INFOPLIST_KEY_UIApplicationSupportsIndirectInputEvents[sdk=iphoneos*]" = YES;
				"INFOPLIST_KEY_UIApplicationSupportsIndirectInputEvents[sdk=iphonesimulator*]" = YES;
				"INFOPLIST_KEY_UILaunchScreen_Generation[sdk=iphoneos*]" = YES;
				"INFOPLIST_KEY_UILaunchScreen_Generation[sdk=iphonesimulator*]" = YES;
				"INFOPLIST_KEY_UIStatusBarStyle[sdk=iphoneos*]" = UIStatusBarStyleDefault;
				"INFOPLIST_KEY_UIStatusBarStyle[sdk=iphonesimulator*]" = UIStatusBarStyleDefault;
				INFOPLIST_KEY_UISupportedInterfaceOrientations_iPad = "UIInterfaceOrientationPortrait UIInterfaceOrientationPortraitUpsideDown UIInterfaceOrientationLandscapeLeft UIInterfaceOrientationLandscapeRight";
				INFOPLIST_KEY_UISupportedInterfaceOrientations_iPhone = "UIInterfaceOrientationPortrait UIInterfaceOrientationLandscapeLeft UIInterfaceOrientationLandscapeRight";
				IPHONEOS_DEPLOYMENT_TARGET = 16.1;
				LD_RUNPATH_SEARCH_PATHS = "@executable_path/Frameworks";
				"LD_RUNPATH_SEARCH_PATHS[sdk=macosx*]" = "@executable_path/../Frameworks";
				MACOSX_DEPLOYMENT_TARGET = 12.6;
				MARKETING_VERSION = 1.0;
				PRODUCT_BUNDLE_IDENTIFIER = "com.ozanyld.imdb-exercise";
				PRODUCT_NAME = "$(TARGET_NAME)";
				SDKROOT = auto;
				SUPPORTED_PLATFORMS = "iphoneos iphonesimulator macosx";
				SWIFT_EMIT_LOC_STRINGS = YES;
				SWIFT_VERSION = 5.0;
				TARGETED_DEVICE_FAMILY = "1,2";
			};
			name = Release;
		};
		DA210727293B7A8200E23396 /* Debug */ = {
			isa = XCBuildConfiguration;
			buildSettings = {
				ALWAYS_EMBED_SWIFT_STANDARD_LIBRARIES = YES;
				BUNDLE_LOADER = "$(TEST_HOST)";
				CODE_SIGN_STYLE = Automatic;
				CURRENT_PROJECT_VERSION = 1;
				DEVELOPMENT_TEAM = VSQTNZ7WAN;
				GENERATE_INFOPLIST_FILE = YES;
				IPHONEOS_DEPLOYMENT_TARGET = 16.1;
				MACOSX_DEPLOYMENT_TARGET = 12.6;
				MARKETING_VERSION = 1.0;
				PRODUCT_BUNDLE_IDENTIFIER = "com.ozanyld.imdb-exerciseTests";
				PRODUCT_NAME = "$(TARGET_NAME)";
				SDKROOT = auto;
				SUPPORTED_PLATFORMS = "iphoneos iphonesimulator macosx";
				SWIFT_EMIT_LOC_STRINGS = NO;
				SWIFT_VERSION = 5.0;
				TARGETED_DEVICE_FAMILY = "1,2";
				TEST_HOST = "$(BUILT_PRODUCTS_DIR)/imdb-exercise.app/$(BUNDLE_EXECUTABLE_FOLDER_PATH)/imdb-exercise";
			};
			name = Debug;
		};
		DA210728293B7A8200E23396 /* Release */ = {
			isa = XCBuildConfiguration;
			buildSettings = {
				ALWAYS_EMBED_SWIFT_STANDARD_LIBRARIES = YES;
				BUNDLE_LOADER = "$(TEST_HOST)";
				CODE_SIGN_STYLE = Automatic;
				CURRENT_PROJECT_VERSION = 1;
				DEVELOPMENT_TEAM = VSQTNZ7WAN;
				GENERATE_INFOPLIST_FILE = YES;
				IPHONEOS_DEPLOYMENT_TARGET = 16.1;
				MACOSX_DEPLOYMENT_TARGET = 12.6;
				MARKETING_VERSION = 1.0;
				PRODUCT_BUNDLE_IDENTIFIER = "com.ozanyld.imdb-exerciseTests";
				PRODUCT_NAME = "$(TARGET_NAME)";
				SDKROOT = auto;
				SUPPORTED_PLATFORMS = "iphoneos iphonesimulator macosx";
				SWIFT_EMIT_LOC_STRINGS = NO;
				SWIFT_VERSION = 5.0;
				TARGETED_DEVICE_FAMILY = "1,2";
				TEST_HOST = "$(BUILT_PRODUCTS_DIR)/imdb-exercise.app/$(BUNDLE_EXECUTABLE_FOLDER_PATH)/imdb-exercise";
			};
			name = Release;
		};
		DA21072A293B7A8200E23396 /* Debug */ = {
			isa = XCBuildConfiguration;
			buildSettings = {
				ALWAYS_EMBED_SWIFT_STANDARD_LIBRARIES = YES;
				CODE_SIGN_STYLE = Automatic;
				CURRENT_PROJECT_VERSION = 1;
				DEVELOPMENT_TEAM = VSQTNZ7WAN;
				GENERATE_INFOPLIST_FILE = YES;
				IPHONEOS_DEPLOYMENT_TARGET = 16.1;
				MACOSX_DEPLOYMENT_TARGET = 12.6;
				MARKETING_VERSION = 1.0;
				PRODUCT_BUNDLE_IDENTIFIER = "com.ozanyld.imdb-exerciseUITests";
				PRODUCT_NAME = "$(TARGET_NAME)";
				SDKROOT = auto;
				SUPPORTED_PLATFORMS = "iphoneos iphonesimulator macosx";
				SWIFT_EMIT_LOC_STRINGS = NO;
				SWIFT_VERSION = 5.0;
				TARGETED_DEVICE_FAMILY = "1,2";
				TEST_TARGET_NAME = "imdb-exercise";
			};
			name = Debug;
		};
		DA21072B293B7A8200E23396 /* Release */ = {
			isa = XCBuildConfiguration;
			buildSettings = {
				ALWAYS_EMBED_SWIFT_STANDARD_LIBRARIES = YES;
				CODE_SIGN_STYLE = Automatic;
				CURRENT_PROJECT_VERSION = 1;
				DEVELOPMENT_TEAM = VSQTNZ7WAN;
				GENERATE_INFOPLIST_FILE = YES;
				IPHONEOS_DEPLOYMENT_TARGET = 16.1;
				MACOSX_DEPLOYMENT_TARGET = 12.6;
				MARKETING_VERSION = 1.0;
				PRODUCT_BUNDLE_IDENTIFIER = "com.ozanyld.imdb-exerciseUITests";
				PRODUCT_NAME = "$(TARGET_NAME)";
				SDKROOT = auto;
				SUPPORTED_PLATFORMS = "iphoneos iphonesimulator macosx";
				SWIFT_EMIT_LOC_STRINGS = NO;
				SWIFT_VERSION = 5.0;
				TARGETED_DEVICE_FAMILY = "1,2";
				TEST_TARGET_NAME = "imdb-exercise";
			};
			name = Release;
		};
/* End XCBuildConfiguration section */

/* Begin XCConfigurationList section */
		DA2106F4293B7A8100E23396 /* Build configuration list for PBXProject "imdb-exercise" */ = {
			isa = XCConfigurationList;
			buildConfigurations = (
				DA210721293B7A8200E23396 /* Debug */,
				DA210722293B7A8200E23396 /* Release */,
			);
			defaultConfigurationIsVisible = 0;
			defaultConfigurationName = Release;
		};
		DA210723293B7A8200E23396 /* Build configuration list for PBXNativeTarget "imdb-exercise" */ = {
			isa = XCConfigurationList;
			buildConfigurations = (
				DA210724293B7A8200E23396 /* Debug */,
				DA210725293B7A8200E23396 /* Release */,
			);
			defaultConfigurationIsVisible = 0;
			defaultConfigurationName = Release;
		};
		DA210726293B7A8200E23396 /* Build configuration list for PBXNativeTarget "imdb-exerciseTests" */ = {
			isa = XCConfigurationList;
			buildConfigurations = (
				DA210727293B7A8200E23396 /* Debug */,
				DA210728293B7A8200E23396 /* Release */,
			);
			defaultConfigurationIsVisible = 0;
			defaultConfigurationName = Release;
		};
		DA210729293B7A8200E23396 /* Build configuration list for PBXNativeTarget "imdb-exerciseUITests" */ = {
			isa = XCConfigurationList;
			buildConfigurations = (
				DA21072A293B7A8200E23396 /* Debug */,
				DA21072B293B7A8200E23396 /* Release */,
			);
			defaultConfigurationIsVisible = 0;
			defaultConfigurationName = Release;
		};
/* End XCConfigurationList section */

/* Begin XCRemoteSwiftPackageReference section */
		DA01AAD9293BE7AD0045835A /* XCRemoteSwiftPackageReference "Kingfisher" */ = {
			isa = XCRemoteSwiftPackageReference;
			repositoryURL = "https://github.com/onevcat/Kingfisher.git";
			requirement = {
				kind = upToNextMajorVersion;
				minimumVersion = 7.0.0;
			};
		};
		DA01AAEE293D36FF0045835A /* XCRemoteSwiftPackageReference "Fakery" */ = {
			isa = XCRemoteSwiftPackageReference;
			repositoryURL = "https://github.com/vadymmarkov/Fakery.git";
			requirement = {
				kind = upToNextMajorVersion;
				minimumVersion = 5.0.0;
			};
		};
		DA210738293B860800E23396 /* XCRemoteSwiftPackageReference "Alamofire" */ = {
			isa = XCRemoteSwiftPackageReference;
			repositoryURL = "https://github.com/Alamofire/Alamofire.git";
			requirement = {
				kind = upToNextMajorVersion;
				minimumVersion = 5.6.1;
			};
		};
		DAE7CFD4293F62B100629A4F /* XCRemoteSwiftPackageReference "mockingbird" */ = {
			isa = XCRemoteSwiftPackageReference;
			repositoryURL = "https://github.com/birdrides/mockingbird.git";
			requirement = {
				kind = upToNextMinorVersion;
				minimumVersion = 0.20.0;
			};
		};
/* End XCRemoteSwiftPackageReference section */

/* Begin XCSwiftPackageProductDependency section */
		DA01AADA293BE7AD0045835A /* Kingfisher */ = {
			isa = XCSwiftPackageProductDependency;
			package = DA01AAD9293BE7AD0045835A /* XCRemoteSwiftPackageReference "Kingfisher" */;
			productName = Kingfisher;
		};
		DA01AAEF293D36FF0045835A /* Fakery */ = {
			isa = XCSwiftPackageProductDependency;
			package = DA01AAEE293D36FF0045835A /* XCRemoteSwiftPackageReference "Fakery" */;
			productName = Fakery;
		};
		DA210739293B860800E23396 /* Alamofire */ = {
			isa = XCSwiftPackageProductDependency;
			package = DA210738293B860800E23396 /* XCRemoteSwiftPackageReference "Alamofire" */;
			productName = Alamofire;
		};
		DAE7CFD5293F62B100629A4F /* Mockingbird */ = {
			isa = XCSwiftPackageProductDependency;
			package = DAE7CFD4293F62B100629A4F /* XCRemoteSwiftPackageReference "mockingbird" */;
			productName = Mockingbird;
		};
/* End XCSwiftPackageProductDependency section */

/* Begin XCVersionGroup section */
		DA210700293B7A8100E23396 /* imdb_exercise.xcdatamodeld */ = {
			isa = XCVersionGroup;
			children = (
				DA210701293B7A8100E23396 /* imdb_exercise.xcdatamodel */,
			);
			currentVersion = DA210701293B7A8100E23396 /* imdb_exercise.xcdatamodel */;
			path = imdb_exercise.xcdatamodeld;
			sourceTree = "<group>";
			versionGroupType = wrapper.xcdatamodel;
		};
/* End XCVersionGroup section */
	};
	rootObject = DA2106F1293B7A8100E23396 /* Project object */;
}
